// !$*UTF8*$!
{
	archiveVersion = 1;
	classes = {
	};
	objectVersion = 55;
	objects = {

/* Begin PBXBuildFile section */
		DF1BFE4F274CDB4B00C9B19D /* HWCIOSAudioQueue.mm in Sources */ = {isa = PBXBuildFile; fileRef = DF1BFE4E274CDB4B00C9B19D /* HWCIOSAudioQueue.mm */; };
		DF717F81273BA8E500635B5D /* HWCH264EncoderNode.cpp in Sources */ = {isa = PBXBuildFile; fileRef = DF717F7F273BA8E500635B5D /* HWCH264EncoderNode.cpp */; };
		DF717F84273BAEC800635B5D /* HWCVideoStreamProcessNode.cpp in Sources */ = {isa = PBXBuildFile; fileRef = DF717F82273BAEC800635B5D /* HWCVideoStreamProcessNode.cpp */; };
		DF717F9F273BC06700635B5D /* MyNaviViewController.m in Sources */ = {isa = PBXBuildFile; fileRef = DF717F9B273BC06600635B5D /* MyNaviViewController.m */; };
		DF717FA0273BC06700635B5D /* HomeViewController.m in Sources */ = {isa = PBXBuildFile; fileRef = DF717F9E273BC06700635B5D /* HomeViewController.m */; };
		DF9B8182273A68B900396003 /* HWCPipeNodeRegister.cpp in Sources */ = {isa = PBXBuildFile; fileRef = DF9B8181273A68B900396003 /* HWCPipeNodeRegister.cpp */; };
		DF9B8183273A7C8E00396003 /* mediaconfig.json in Resources */ = {isa = PBXBuildFile; fileRef = DFDFB47E273A3013001CCBE3 /* mediaconfig.json */; };
		DFDECE4F273CEBEA0024E96E /* HWCEventBus.cpp in Sources */ = {isa = PBXBuildFile; fileRef = DFDECE4D273CEBEA0024E96E /* HWCEventBus.cpp */; };
		DFDFB432273A2149001CCBE3 /* AppDelegate.m in Sources */ = {isa = PBXBuildFile; fileRef = DFDFB431273A2149001CCBE3 /* AppDelegate.m */; };
		DFDFB435273A2149001CCBE3 /* SceneDelegate.m in Sources */ = {isa = PBXBuildFile; fileRef = DFDFB434273A2149001CCBE3 /* SceneDelegate.m */; };
		DFDFB438273A2149001CCBE3 /* ViewController.m in Sources */ = {isa = PBXBuildFile; fileRef = DFDFB437273A2149001CCBE3 /* ViewController.m */; };
		DFDFB43B273A2149001CCBE3 /* Main.storyboard in Resources */ = {isa = PBXBuildFile; fileRef = DFDFB439273A2149001CCBE3 /* Main.storyboard */; };
		DFDFB43E273A2149001CCBE3 /* Test.xcdatamodeld in Sources */ = {isa = PBXBuildFile; fileRef = DFDFB43C273A2149001CCBE3 /* Test.xcdatamodeld */; };
		DFDFB440273A214A001CCBE3 /* Assets.xcassets in Resources */ = {isa = PBXBuildFile; fileRef = DFDFB43F273A214A001CCBE3 /* Assets.xcassets */; };
		DFDFB443273A214A001CCBE3 /* LaunchScreen.storyboard in Resources */ = {isa = PBXBuildFile; fileRef = DFDFB441273A214A001CCBE3 /* LaunchScreen.storyboard */; };
		DFDFB446273A214A001CCBE3 /* main.m in Sources */ = {isa = PBXBuildFile; fileRef = DFDFB445273A214A001CCBE3 /* main.m */; };
		DFDFB450273A214A001CCBE3 /* TestTests.m in Sources */ = {isa = PBXBuildFile; fileRef = DFDFB44F273A214A001CCBE3 /* TestTests.m */; };
		DFDFB45A273A214B001CCBE3 /* TestUITests.m in Sources */ = {isa = PBXBuildFile; fileRef = DFDFB459273A214B001CCBE3 /* TestUITests.m */; };
		DFDFB45C273A214B001CCBE3 /* TestUITestsLaunchTests.m in Sources */ = {isa = PBXBuildFile; fileRef = DFDFB45B273A214B001CCBE3 /* TestUITestsLaunchTests.m */; };
		DFDFB46A273A21EC001CCBE3 /* HWCAVCaptureBase.mm in Sources */ = {isa = PBXBuildFile; fileRef = DFDFB469273A21EC001CCBE3 /* HWCAVCaptureBase.mm */; };
		DFDFB46D273A29D7001CCBE3 /* AVFoundation.framework in Frameworks */ = {isa = PBXBuildFile; fileRef = DFDFB46C273A29D7001CCBE3 /* AVFoundation.framework */; };
		DFDFB46F273A29E7001CCBE3 /* VideoToolbox.framework in Frameworks */ = {isa = PBXBuildFile; fileRef = DFDFB46E273A29E7001CCBE3 /* VideoToolbox.framework */; };
		DFDFB471273A29EB001CCBE3 /* AudioToolbox.framework in Frameworks */ = {isa = PBXBuildFile; fileRef = DFDFB470273A29EB001CCBE3 /* AudioToolbox.framework */; };
		DFDFB474273A2A45001CCBE3 /* HWCVideoCapture.mm in Sources */ = {isa = PBXBuildFile; fileRef = DFDFB473273A2A45001CCBE3 /* HWCVideoCapture.mm */; };
		DFDFB477273A2A57001CCBE3 /* HWCAudioCapture.mm in Sources */ = {isa = PBXBuildFile; fileRef = DFDFB476273A2A57001CCBE3 /* HWCAudioCapture.mm */; };
		DFDFB47A273A2EE3001CCBE3 /* HWCAVCapture.mm in Sources */ = {isa = PBXBuildFile; fileRef = DFDFB479273A2EE3001CCBE3 /* HWCAVCapture.mm */; };
		DFDFB481273A4845001CCBE3 /* HWCPipeParser.cpp in Sources */ = {isa = PBXBuildFile; fileRef = DFDFB47F273A4845001CCBE3 /* HWCPipeParser.cpp */; };
		DFDFB48B273A4D36001CCBE3 /* HWCPipe.cpp in Sources */ = {isa = PBXBuildFile; fileRef = DFDFB489273A4D36001CCBE3 /* HWCPipe.cpp */; };
		DFDFB48E273A4F03001CCBE3 /* HWCPipeInfo.cpp in Sources */ = {isa = PBXBuildFile; fileRef = DFDFB48C273A4F03001CCBE3 /* HWCPipeInfo.cpp */; };
		DFDFB491273A506F001CCBE3 /* HWCAudioDenoiseNode.cpp in Sources */ = {isa = PBXBuildFile; fileRef = DFDFB48F273A506F001CCBE3 /* HWCAudioDenoiseNode.cpp */; };
		DFDFB497273A5202001CCBE3 /* HWCMp4MuxerNode.cpp in Sources */ = {isa = PBXBuildFile; fileRef = DFDFB495273A5202001CCBE3 /* HWCMp4MuxerNode.cpp */; };
		DFDFB49A273A5412001CCBE3 /* HWCMP3EncoderNode.cpp in Sources */ = {isa = PBXBuildFile; fileRef = DFDFB498273A5412001CCBE3 /* HWCMP3EncoderNode.cpp */; };
/* End PBXBuildFile section */

/* Begin PBXContainerItemProxy section */
		DFDFB44C273A214A001CCBE3 /* PBXContainerItemProxy */ = {
			isa = PBXContainerItemProxy;
			containerPortal = DFDFB425273A2149001CCBE3 /* Project object */;
			proxyType = 1;
			remoteGlobalIDString = DFDFB42C273A2149001CCBE3;
			remoteInfo = Test;
		};
		DFDFB456273A214B001CCBE3 /* PBXContainerItemProxy */ = {
			isa = PBXContainerItemProxy;
			containerPortal = DFDFB425273A2149001CCBE3 /* Project object */;
			proxyType = 1;
			remoteGlobalIDString = DFDFB42C273A2149001CCBE3;
			remoteInfo = Test;
		};
/* End PBXContainerItemProxy section */

/* Begin PBXFileReference section */
		DF1BFE4D274CDB4B00C9B19D /* HWCIOSAudioQueue.h */ = {isa = PBXFileReference; lastKnownFileType = sourcecode.c.h; name = HWCIOSAudioQueue.h; path = ../../avcapture/HWCIOSAudioQueue.h; sourceTree = "<group>"; };
		DF1BFE4E274CDB4B00C9B19D /* HWCIOSAudioQueue.mm */ = {isa = PBXFileReference; lastKnownFileType = sourcecode.cpp.objcpp; name = HWCIOSAudioQueue.mm; path = ../../avcapture/HWCIOSAudioQueue.mm; sourceTree = "<group>"; };
		DF717F7F273BA8E500635B5D /* HWCH264EncoderNode.cpp */ = {isa = PBXFileReference; lastKnownFileType = sourcecode.cpp.cpp; name = HWCH264EncoderNode.cpp; path = ../../../common/node/encoder/HWCH264EncoderNode.cpp; sourceTree = "<group>"; };
		DF717F80273BA8E500635B5D /* HWCH264EncoderNode.hpp */ = {isa = PBXFileReference; lastKnownFileType = sourcecode.cpp.h; name = HWCH264EncoderNode.hpp; path = ../../../common/node/encoder/HWCH264EncoderNode.hpp; sourceTree = "<group>"; };
		DF717F82273BAEC800635B5D /* HWCVideoStreamProcessNode.cpp */ = {isa = PBXFileReference; lastKnownFileType = sourcecode.cpp.cpp; name = HWCVideoStreamProcessNode.cpp; path = ../../../common/node/process/HWCVideoStreamProcessNode.cpp; sourceTree = "<group>"; };
		DF717F83273BAEC800635B5D /* HWCVideoStreamProcessNode.hpp */ = {isa = PBXFileReference; lastKnownFileType = sourcecode.cpp.h; name = HWCVideoStreamProcessNode.hpp; path = ../../../common/node/process/HWCVideoStreamProcessNode.hpp; sourceTree = "<group>"; };
		DF717F9B273BC06600635B5D /* MyNaviViewController.m */ = {isa = PBXFileReference; fileEncoding = 4; lastKnownFileType = sourcecode.c.objc; path = MyNaviViewController.m; sourceTree = "<group>"; };
		DF717F9C273BC06600635B5D /* MyNaviViewController.h */ = {isa = PBXFileReference; fileEncoding = 4; lastKnownFileType = sourcecode.c.h; path = MyNaviViewController.h; sourceTree = "<group>"; };
		DF717F9D273BC06600635B5D /* HomeViewController.h */ = {isa = PBXFileReference; fileEncoding = 4; lastKnownFileType = sourcecode.c.h; path = HomeViewController.h; sourceTree = "<group>"; };
		DF717F9E273BC06700635B5D /* HomeViewController.m */ = {isa = PBXFileReference; fileEncoding = 4; lastKnownFileType = sourcecode.c.objc; path = HomeViewController.m; sourceTree = "<group>"; };
		DF9B8181273A68B900396003 /* HWCPipeNodeRegister.cpp */ = {isa = PBXFileReference; fileEncoding = 4; lastKnownFileType = sourcecode.cpp.cpp; name = HWCPipeNodeRegister.cpp; path = ../../../common/pipe/HWCPipeNodeRegister.cpp; sourceTree = "<group>"; };
		DFA8DAF02742114200DF6CC3 /* Define.hpp */ = {isa = PBXFileReference; fileEncoding = 4; lastKnownFileType = sourcecode.cpp.h; name = Define.hpp; path = ../../../common/Define.hpp; sourceTree = "<group>"; };
		DFDECE4B273CE8F60024E96E /* HWCEventBase.hpp */ = {isa = PBXFileReference; lastKnownFileType = sourcecode.cpp.h; name = HWCEventBase.hpp; path = ../../../common/base/HWCEventBase.hpp; sourceTree = "<group>"; };
		DFDECE4D273CEBEA0024E96E /* HWCEventBus.cpp */ = {isa = PBXFileReference; lastKnownFileType = sourcecode.cpp.cpp; name = HWCEventBus.cpp; path = ../../../common/event/HWCEventBus.cpp; sourceTree = "<group>"; };
		DFDECE4E273CEBEA0024E96E /* HWCEventBus.hpp */ = {isa = PBXFileReference; lastKnownFileType = sourcecode.cpp.h; name = HWCEventBus.hpp; path = ../../../common/event/HWCEventBus.hpp; sourceTree = "<group>"; };
		DFDECE51273CEC130024E96E /* HWCTemplate.hpp */ = {isa = PBXFileReference; lastKnownFileType = sourcecode.cpp.h; name = HWCTemplate.hpp; path = ../../../common/HWCTemplate.hpp; sourceTree = "<group>"; };
		DFDECE54273CF1AC0024E96E /* HWCEvent.hpp */ = {isa = PBXFileReference; lastKnownFileType = sourcecode.cpp.h; name = HWCEvent.hpp; path = ../../../common/event/HWCEvent.hpp; sourceTree = "<group>"; };
		DFDFB42D273A2149001CCBE3 /* Test.app */ = {isa = PBXFileReference; explicitFileType = wrapper.application; includeInIndex = 0; path = Test.app; sourceTree = BUILT_PRODUCTS_DIR; };
		DFDFB430273A2149001CCBE3 /* AppDelegate.h */ = {isa = PBXFileReference; lastKnownFileType = sourcecode.c.h; path = AppDelegate.h; sourceTree = "<group>"; };
		DFDFB431273A2149001CCBE3 /* AppDelegate.m */ = {isa = PBXFileReference; lastKnownFileType = sourcecode.c.objc; path = AppDelegate.m; sourceTree = "<group>"; };
		DFDFB433273A2149001CCBE3 /* SceneDelegate.h */ = {isa = PBXFileReference; lastKnownFileType = sourcecode.c.h; path = SceneDelegate.h; sourceTree = "<group>"; };
		DFDFB434273A2149001CCBE3 /* SceneDelegate.m */ = {isa = PBXFileReference; lastKnownFileType = sourcecode.c.objc; path = SceneDelegate.m; sourceTree = "<group>"; };
		DFDFB436273A2149001CCBE3 /* ViewController.h */ = {isa = PBXFileReference; lastKnownFileType = sourcecode.c.h; path = ViewController.h; sourceTree = "<group>"; };
		DFDFB437273A2149001CCBE3 /* ViewController.m */ = {isa = PBXFileReference; lastKnownFileType = sourcecode.c.objc; path = ViewController.m; sourceTree = "<group>"; };
		DFDFB43A273A2149001CCBE3 /* Base */ = {isa = PBXFileReference; lastKnownFileType = file.storyboard; name = Base; path = Base.lproj/Main.storyboard; sourceTree = "<group>"; };
		DFDFB43D273A2149001CCBE3 /* Test.xcdatamodel */ = {isa = PBXFileReference; lastKnownFileType = wrapper.xcdatamodel; path = Test.xcdatamodel; sourceTree = "<group>"; };
		DFDFB43F273A214A001CCBE3 /* Assets.xcassets */ = {isa = PBXFileReference; lastKnownFileType = folder.assetcatalog; path = Assets.xcassets; sourceTree = "<group>"; };
		DFDFB442273A214A001CCBE3 /* Base */ = {isa = PBXFileReference; lastKnownFileType = file.storyboard; name = Base; path = Base.lproj/LaunchScreen.storyboard; sourceTree = "<group>"; };
		DFDFB444273A214A001CCBE3 /* Info.plist */ = {isa = PBXFileReference; lastKnownFileType = text.plist.xml; path = Info.plist; sourceTree = "<group>"; };
		DFDFB445273A214A001CCBE3 /* main.m */ = {isa = PBXFileReference; lastKnownFileType = sourcecode.c.objc; path = main.m; sourceTree = "<group>"; };
		DFDFB44B273A214A001CCBE3 /* TestTests.xctest */ = {isa = PBXFileReference; explicitFileType = wrapper.cfbundle; includeInIndex = 0; path = TestTests.xctest; sourceTree = BUILT_PRODUCTS_DIR; };
		DFDFB44F273A214A001CCBE3 /* TestTests.m */ = {isa = PBXFileReference; lastKnownFileType = sourcecode.c.objc; path = TestTests.m; sourceTree = "<group>"; };
		DFDFB455273A214B001CCBE3 /* TestUITests.xctest */ = {isa = PBXFileReference; explicitFileType = wrapper.cfbundle; includeInIndex = 0; path = TestUITests.xctest; sourceTree = BUILT_PRODUCTS_DIR; };
		DFDFB459273A214B001CCBE3 /* TestUITests.m */ = {isa = PBXFileReference; lastKnownFileType = sourcecode.c.objc; path = TestUITests.m; sourceTree = "<group>"; };
		DFDFB45B273A214B001CCBE3 /* TestUITestsLaunchTests.m */ = {isa = PBXFileReference; lastKnownFileType = sourcecode.c.objc; path = TestUITestsLaunchTests.m; sourceTree = "<group>"; };
		DFDFB468273A21EC001CCBE3 /* HWCAVCaptureBase.h */ = {isa = PBXFileReference; lastKnownFileType = sourcecode.c.h; name = HWCAVCaptureBase.h; path = ../../avcapture/HWCAVCaptureBase.h; sourceTree = "<group>"; };
		DFDFB469273A21EC001CCBE3 /* HWCAVCaptureBase.mm */ = {isa = PBXFileReference; lastKnownFileType = sourcecode.cpp.objcpp; name = HWCAVCaptureBase.mm; path = ../../avcapture/HWCAVCaptureBase.mm; sourceTree = "<group>"; };
		DFDFB46C273A29D7001CCBE3 /* AVFoundation.framework */ = {isa = PBXFileReference; lastKnownFileType = wrapper.framework; name = AVFoundation.framework; path = System/Library/Frameworks/AVFoundation.framework; sourceTree = SDKROOT; };
		DFDFB46E273A29E7001CCBE3 /* VideoToolbox.framework */ = {isa = PBXFileReference; lastKnownFileType = wrapper.framework; name = VideoToolbox.framework; path = System/Library/Frameworks/VideoToolbox.framework; sourceTree = SDKROOT; };
		DFDFB470273A29EB001CCBE3 /* AudioToolbox.framework */ = {isa = PBXFileReference; lastKnownFileType = wrapper.framework; name = AudioToolbox.framework; path = System/Library/Frameworks/AudioToolbox.framework; sourceTree = SDKROOT; };
		DFDFB472273A2A45001CCBE3 /* HWCVideoCapture.h */ = {isa = PBXFileReference; lastKnownFileType = sourcecode.c.h; name = HWCVideoCapture.h; path = ../../avcapture/HWCVideoCapture.h; sourceTree = "<group>"; };
		DFDFB473273A2A45001CCBE3 /* HWCVideoCapture.mm */ = {isa = PBXFileReference; lastKnownFileType = sourcecode.cpp.objcpp; name = HWCVideoCapture.mm; path = ../../avcapture/HWCVideoCapture.mm; sourceTree = "<group>"; };
		DFDFB475273A2A57001CCBE3 /* HWCAudioCapture.h */ = {isa = PBXFileReference; lastKnownFileType = sourcecode.c.h; name = HWCAudioCapture.h; path = ../../avcapture/HWCAudioCapture.h; sourceTree = "<group>"; };
		DFDFB476273A2A57001CCBE3 /* HWCAudioCapture.mm */ = {isa = PBXFileReference; lastKnownFileType = sourcecode.cpp.objcpp; name = HWCAudioCapture.mm; path = ../../avcapture/HWCAudioCapture.mm; sourceTree = "<group>"; };
		DFDFB478273A2EE3001CCBE3 /* HWCAVCapture.h */ = {isa = PBXFileReference; lastKnownFileType = sourcecode.c.h; name = HWCAVCapture.h; path = ../../avcapture/HWCAVCapture.h; sourceTree = "<group>"; };
		DFDFB479273A2EE3001CCBE3 /* HWCAVCapture.mm */ = {isa = PBXFileReference; lastKnownFileType = sourcecode.cpp.objcpp; name = HWCAVCapture.mm; path = ../../avcapture/HWCAVCapture.mm; sourceTree = "<group>"; };
		DFDFB47E273A3013001CCBE3 /* mediaconfig.json */ = {isa = PBXFileReference; lastKnownFileType = text.json; path = mediaconfig.json; sourceTree = "<group>"; };
		DFDFB47F273A4845001CCBE3 /* HWCPipeParser.cpp */ = {isa = PBXFileReference; lastKnownFileType = sourcecode.cpp.cpp; name = HWCPipeParser.cpp; path = ../../../common/pipe/HWCPipeParser.cpp; sourceTree = "<group>"; };
		DFDFB480273A4845001CCBE3 /* HWCPipeParser.hpp */ = {isa = PBXFileReference; lastKnownFileType = sourcecode.cpp.h; name = HWCPipeParser.hpp; path = ../../../common/pipe/HWCPipeParser.hpp; sourceTree = "<group>"; };
		DFDFB486273A4956001CCBE3 /* HWCAVStruct.hpp */ = {isa = PBXFileReference; lastKnownFileType = sourcecode.cpp.h; name = HWCAVStruct.hpp; path = ../../../common/base/HWCAVStruct.hpp; sourceTree = "<group>"; };
		DFDFB488273A4CC4001CCBE3 /* Log.h */ = {isa = PBXFileReference; fileEncoding = 4; lastKnownFileType = sourcecode.c.h; name = Log.h; path = ../../../common/Log.h; sourceTree = "<group>"; };
		DFDFB489273A4D36001CCBE3 /* HWCPipe.cpp */ = {isa = PBXFileReference; lastKnownFileType = sourcecode.cpp.cpp; name = HWCPipe.cpp; path = ../../../common/pipe/HWCPipe.cpp; sourceTree = "<group>"; };
		DFDFB48A273A4D36001CCBE3 /* HWCPipe.hpp */ = {isa = PBXFileReference; lastKnownFileType = sourcecode.cpp.h; name = HWCPipe.hpp; path = ../../../common/pipe/HWCPipe.hpp; sourceTree = "<group>"; };
		DFDFB48C273A4F03001CCBE3 /* HWCPipeInfo.cpp */ = {isa = PBXFileReference; lastKnownFileType = sourcecode.cpp.cpp; name = HWCPipeInfo.cpp; path = ../../../common/pipe/HWCPipeInfo.cpp; sourceTree = "<group>"; };
		DFDFB48D273A4F03001CCBE3 /* HWCPipeInfo.hpp */ = {isa = PBXFileReference; lastKnownFileType = sourcecode.cpp.h; name = HWCPipeInfo.hpp; path = ../../../common/pipe/HWCPipeInfo.hpp; sourceTree = "<group>"; };
		DFDFB48F273A506F001CCBE3 /* HWCAudioDenoiseNode.cpp */ = {isa = PBXFileReference; lastKnownFileType = sourcecode.cpp.cpp; name = HWCAudioDenoiseNode.cpp; path = ../../../common/node/process/HWCAudioDenoiseNode.cpp; sourceTree = "<group>"; };
		DFDFB490273A506F001CCBE3 /* HWCAudioDenoiseNode.hpp */ = {isa = PBXFileReference; lastKnownFileType = sourcecode.cpp.h; name = HWCAudioDenoiseNode.hpp; path = ../../../common/node/process/HWCAudioDenoiseNode.hpp; sourceTree = "<group>"; };
		DFDFB493273A50DF001CCBE3 /* HWCNodeBase.hpp */ = {isa = PBXFileReference; fileEncoding = 4; lastKnownFileType = sourcecode.cpp.h; name = HWCNodeBase.hpp; path = ../../../common/base/HWCNodeBase.hpp; sourceTree = "<group>"; };
		DFDFB495273A5202001CCBE3 /* HWCMp4MuxerNode.cpp */ = {isa = PBXFileReference; lastKnownFileType = sourcecode.cpp.cpp; name = HWCMp4MuxerNode.cpp; path = ../../../common/node/muxer/HWCMp4MuxerNode.cpp; sourceTree = "<group>"; };
		DFDFB496273A5202001CCBE3 /* HWCMp4MuxerNode.hpp */ = {isa = PBXFileReference; lastKnownFileType = sourcecode.cpp.h; name = HWCMp4MuxerNode.hpp; path = ../../../common/node/muxer/HWCMp4MuxerNode.hpp; sourceTree = "<group>"; };
		DFDFB498273A5412001CCBE3 /* HWCMP3EncoderNode.cpp */ = {isa = PBXFileReference; lastKnownFileType = sourcecode.cpp.cpp; name = HWCMP3EncoderNode.cpp; path = ../../../common/node/encoder/HWCMP3EncoderNode.cpp; sourceTree = "<group>"; };
		DFDFB499273A5412001CCBE3 /* HWCMP3EncoderNode.hpp */ = {isa = PBXFileReference; lastKnownFileType = sourcecode.cpp.h; name = HWCMP3EncoderNode.hpp; path = ../../../common/node/encoder/HWCMP3EncoderNode.hpp; sourceTree = "<group>"; };
		DFDFB49C273A620E001CCBE3 /* HWCPipeNodeRegister.hpp */ = {isa = PBXFileReference; lastKnownFileType = sourcecode.cpp.h; name = HWCPipeNodeRegister.hpp; path = ../../../common/pipe/HWCPipeNodeRegister.hpp; sourceTree = "<group>"; };
/* End PBXFileReference section */

/* Begin PBXFrameworksBuildPhase section */
		DFDFB42A273A2149001CCBE3 /* Frameworks */ = {
			isa = PBXFrameworksBuildPhase;
			buildActionMask = 2147483647;
			files = (
				DFDFB46F273A29E7001CCBE3 /* VideoToolbox.framework in Frameworks */,
				DFDFB46D273A29D7001CCBE3 /* AVFoundation.framework in Frameworks */,
				DFDFB471273A29EB001CCBE3 /* AudioToolbox.framework in Frameworks */,
			);
			runOnlyForDeploymentPostprocessing = 0;
		};
		DFDFB448273A214A001CCBE3 /* Frameworks */ = {
			isa = PBXFrameworksBuildPhase;
			buildActionMask = 2147483647;
			files = (
			);
			runOnlyForDeploymentPostprocessing = 0;
		};
		DFDFB452273A214A001CCBE3 /* Frameworks */ = {
			isa = PBXFrameworksBuildPhase;
			buildActionMask = 2147483647;
			files = (
			);
			runOnlyForDeploymentPostprocessing = 0;
		};
/* End PBXFrameworksBuildPhase section */

/* Begin PBXGroup section */
		DFDFB424273A2149001CCBE3 = {
			isa = PBXGroup;
			children = (
				DFDFB42F273A2149001CCBE3 /* Test */,
				DFDFB44E273A214A001CCBE3 /* TestTests */,
				DFDFB458273A214B001CCBE3 /* TestUITests */,
				DFDFB42E273A2149001CCBE3 /* Products */,
				DFDFB46B273A29D7001CCBE3 /* Frameworks */,
			);
			sourceTree = "<group>";
		};
		DFDFB42E273A2149001CCBE3 /* Products */ = {
			isa = PBXGroup;
			children = (
				DFDFB42D273A2149001CCBE3 /* Test.app */,
				DFDFB44B273A214A001CCBE3 /* TestTests.xctest */,
				DFDFB455273A214B001CCBE3 /* TestUITests.xctest */,
			);
			name = Products;
			sourceTree = "<group>";
		};
		DFDFB42F273A2149001CCBE3 /* Test */ = {
			isa = PBXGroup;
			children = (
				DFA8DAF02742114200DF6CC3 /* Define.hpp */,
				DF717F9D273BC06600635B5D /* HomeViewController.h */,
				DF717F9E273BC06700635B5D /* HomeViewController.m */,
				DF717F9C273BC06600635B5D /* MyNaviViewController.h */,
				DF717F9B273BC06600635B5D /* MyNaviViewController.m */,
				DFDFB488273A4CC4001CCBE3 /* Log.h */,
				DFDFB430273A2149001CCBE3 /* AppDelegate.h */,
				DFDFB431273A2149001CCBE3 /* AppDelegate.m */,
				DFDFB433273A2149001CCBE3 /* SceneDelegate.h */,
				DFDFB434273A2149001CCBE3 /* SceneDelegate.m */,
				DFDFB436273A2149001CCBE3 /* ViewController.h */,
				DFDFB437273A2149001CCBE3 /* ViewController.m */,
				DFDFB439273A2149001CCBE3 /* Main.storyboard */,
				DFDFB43F273A214A001CCBE3 /* Assets.xcassets */,
				DFDFB441273A214A001CCBE3 /* LaunchScreen.storyboard */,
				DFDFB444273A214A001CCBE3 /* Info.plist */,
				DFDFB445273A214A001CCBE3 /* main.m */,
				DFDFB43C273A2149001CCBE3 /* Test.xcdatamodeld */,
				DFDFB468273A21EC001CCBE3 /* HWCAVCaptureBase.h */,
				DFDFB469273A21EC001CCBE3 /* HWCAVCaptureBase.mm */,
				DFDFB47F273A4845001CCBE3 /* HWCPipeParser.cpp */,
				DFDFB480273A4845001CCBE3 /* HWCPipeParser.hpp */,
				DFDFB472273A2A45001CCBE3 /* HWCVideoCapture.h */,
				DFDFB473273A2A45001CCBE3 /* HWCVideoCapture.mm */,
				DFDFB475273A2A57001CCBE3 /* HWCAudioCapture.h */,
				DFDFB476273A2A57001CCBE3 /* HWCAudioCapture.mm */,
				DFDFB478273A2EE3001CCBE3 /* HWCAVCapture.h */,
				DFDFB479273A2EE3001CCBE3 /* HWCAVCapture.mm */,
				DFDFB47E273A3013001CCBE3 /* mediaconfig.json */,
				DFDFB486273A4956001CCBE3 /* HWCAVStruct.hpp */,
				DFDFB489273A4D36001CCBE3 /* HWCPipe.cpp */,
				DFDFB48A273A4D36001CCBE3 /* HWCPipe.hpp */,
				DFDFB48C273A4F03001CCBE3 /* HWCPipeInfo.cpp */,
				DFDFB48D273A4F03001CCBE3 /* HWCPipeInfo.hpp */,
				DFDFB48F273A506F001CCBE3 /* HWCAudioDenoiseNode.cpp */,
				DFDFB490273A506F001CCBE3 /* HWCAudioDenoiseNode.hpp */,
				DFDFB495273A5202001CCBE3 /* HWCMp4MuxerNode.cpp */,
				DFDFB496273A5202001CCBE3 /* HWCMp4MuxerNode.hpp */,
				DFDFB498273A5412001CCBE3 /* HWCMP3EncoderNode.cpp */,
				DFDFB499273A5412001CCBE3 /* HWCMP3EncoderNode.hpp */,
				DFDFB49C273A620E001CCBE3 /* HWCPipeNodeRegister.hpp */,
				DF9B8181273A68B900396003 /* HWCPipeNodeRegister.cpp */,
				DF717F7F273BA8E500635B5D /* HWCH264EncoderNode.cpp */,
				DF717F80273BA8E500635B5D /* HWCH264EncoderNode.hpp */,
				DF717F82273BAEC800635B5D /* HWCVideoStreamProcessNode.cpp */,
				DF717F83273BAEC800635B5D /* HWCVideoStreamProcessNode.hpp */,
				DFDFB493273A50DF001CCBE3 /* HWCNodeBase.hpp */,
				DFDECE4B273CE8F60024E96E /* HWCEventBase.hpp */,
				DFDECE4D273CEBEA0024E96E /* HWCEventBus.cpp */,
				DFDECE4E273CEBEA0024E96E /* HWCEventBus.hpp */,
				DFDECE51273CEC130024E96E /* HWCTemplate.hpp */,
				DFDECE54273CF1AC0024E96E /* HWCEvent.hpp */,
				DF1BFE4D274CDB4B00C9B19D /* HWCIOSAudioQueue.h */,
				DF1BFE4E274CDB4B00C9B19D /* HWCIOSAudioQueue.mm */,
			);
			path = Test;
			sourceTree = "<group>";
		};
		DFDFB44E273A214A001CCBE3 /* TestTests */ = {
			isa = PBXGroup;
			children = (
				DFDFB44F273A214A001CCBE3 /* TestTests.m */,
			);
			path = TestTests;
			sourceTree = "<group>";
		};
		DFDFB458273A214B001CCBE3 /* TestUITests */ = {
			isa = PBXGroup;
			children = (
				DFDFB459273A214B001CCBE3 /* TestUITests.m */,
				DFDFB45B273A214B001CCBE3 /* TestUITestsLaunchTests.m */,
			);
			path = TestUITests;
			sourceTree = "<group>";
		};
		DFDFB46B273A29D7001CCBE3 /* Frameworks */ = {
			isa = PBXGroup;
			children = (
				DFDFB470273A29EB001CCBE3 /* AudioToolbox.framework */,
				DFDFB46E273A29E7001CCBE3 /* VideoToolbox.framework */,
				DFDFB46C273A29D7001CCBE3 /* AVFoundation.framework */,
			);
			name = Frameworks;
			sourceTree = "<group>";
		};
/* End PBXGroup section */

/* Begin PBXNativeTarget section */
		DFDFB42C273A2149001CCBE3 /* Test */ = {
			isa = PBXNativeTarget;
			buildConfigurationList = DFDFB45F273A214B001CCBE3 /* Build configuration list for PBXNativeTarget "Test" */;
			buildPhases = (
				DFDFB429273A2149001CCBE3 /* Sources */,
				DFDFB42A273A2149001CCBE3 /* Frameworks */,
				DFDFB42B273A2149001CCBE3 /* Resources */,
			);
			buildRules = (
			);
			dependencies = (
			);
			name = Test;
			productName = Test;
			productReference = DFDFB42D273A2149001CCBE3 /* Test.app */;
			productType = "com.apple.product-type.application";
		};
		DFDFB44A273A214A001CCBE3 /* TestTests */ = {
			isa = PBXNativeTarget;
			buildConfigurationList = DFDFB462273A214B001CCBE3 /* Build configuration list for PBXNativeTarget "TestTests" */;
			buildPhases = (
				DFDFB447273A214A001CCBE3 /* Sources */,
				DFDFB448273A214A001CCBE3 /* Frameworks */,
				DFDFB449273A214A001CCBE3 /* Resources */,
			);
			buildRules = (
			);
			dependencies = (
				DFDFB44D273A214A001CCBE3 /* PBXTargetDependency */,
			);
			name = TestTests;
			productName = TestTests;
			productReference = DFDFB44B273A214A001CCBE3 /* TestTests.xctest */;
			productType = "com.apple.product-type.bundle.unit-test";
		};
		DFDFB454273A214A001CCBE3 /* TestUITests */ = {
			isa = PBXNativeTarget;
			buildConfigurationList = DFDFB465273A214B001CCBE3 /* Build configuration list for PBXNativeTarget "TestUITests" */;
			buildPhases = (
				DFDFB451273A214A001CCBE3 /* Sources */,
				DFDFB452273A214A001CCBE3 /* Frameworks */,
				DFDFB453273A214A001CCBE3 /* Resources */,
			);
			buildRules = (
			);
			dependencies = (
				DFDFB457273A214B001CCBE3 /* PBXTargetDependency */,
			);
			name = TestUITests;
			productName = TestUITests;
			productReference = DFDFB455273A214B001CCBE3 /* TestUITests.xctest */;
			productType = "com.apple.product-type.bundle.ui-testing";
		};
/* End PBXNativeTarget section */

/* Begin PBXProject section */
		DFDFB425273A2149001CCBE3 /* Project object */ = {
			isa = PBXProject;
			attributes = {
				BuildIndependentTargetsInParallel = 1;
				LastUpgradeCheck = 1300;
				TargetAttributes = {
					DFDFB42C273A2149001CCBE3 = {
						CreatedOnToolsVersion = 13.0;
					};
					DFDFB44A273A214A001CCBE3 = {
						CreatedOnToolsVersion = 13.0;
						TestTargetID = DFDFB42C273A2149001CCBE3;
					};
					DFDFB454273A214A001CCBE3 = {
						CreatedOnToolsVersion = 13.0;
						TestTargetID = DFDFB42C273A2149001CCBE3;
					};
				};
			};
			buildConfigurationList = DFDFB428273A2149001CCBE3 /* Build configuration list for PBXProject "Test" */;
			compatibilityVersion = "Xcode 13.0";
			developmentRegion = en;
			hasScannedForEncodings = 0;
			knownRegions = (
				en,
				Base,
			);
			mainGroup = DFDFB424273A2149001CCBE3;
			productRefGroup = DFDFB42E273A2149001CCBE3 /* Products */;
			projectDirPath = "";
			projectRoot = "";
			targets = (
				DFDFB42C273A2149001CCBE3 /* Test */,
				DFDFB44A273A214A001CCBE3 /* TestTests */,
				DFDFB454273A214A001CCBE3 /* TestUITests */,
			);
		};
/* End PBXProject section */

/* Begin PBXResourcesBuildPhase section */
		DFDFB42B273A2149001CCBE3 /* Resources */ = {
			isa = PBXResourcesBuildPhase;
			buildActionMask = 2147483647;
			files = (
				DF9B8183273A7C8E00396003 /* mediaconfig.json in Resources */,
				DFDFB443273A214A001CCBE3 /* LaunchScreen.storyboard in Resources */,
				DFDFB440273A214A001CCBE3 /* Assets.xcassets in Resources */,
				DFDFB43B273A2149001CCBE3 /* Main.storyboard in Resources */,
			);
			runOnlyForDeploymentPostprocessing = 0;
		};
		DFDFB449273A214A001CCBE3 /* Resources */ = {
			isa = PBXResourcesBuildPhase;
			buildActionMask = 2147483647;
			files = (
			);
			runOnlyForDeploymentPostprocessing = 0;
		};
		DFDFB453273A214A001CCBE3 /* Resources */ = {
			isa = PBXResourcesBuildPhase;
			buildActionMask = 2147483647;
			files = (
			);
			runOnlyForDeploymentPostprocessing = 0;
		};
/* End PBXResourcesBuildPhase section */

/* Begin PBXSourcesBuildPhase section */
		DFDFB429273A2149001CCBE3 /* Sources */ = {
			isa = PBXSourcesBuildPhase;
			buildActionMask = 2147483647;
			files = (
				DFDFB491273A506F001CCBE3 /* HWCAudioDenoiseNode.cpp in Sources */,
				DFDFB47A273A2EE3001CCBE3 /* HWCAVCapture.mm in Sources */,
				DFDFB474273A2A45001CCBE3 /* HWCVideoCapture.mm in Sources */,
				DF9B8182273A68B900396003 /* HWCPipeNodeRegister.cpp in Sources */,
				DF717F84273BAEC800635B5D /* HWCVideoStreamProcessNode.cpp in Sources */,
				DF717FA0273BC06700635B5D /* HomeViewController.m in Sources */,
				DFDFB46A273A21EC001CCBE3 /* HWCAVCaptureBase.mm in Sources */,
				DFDFB48B273A4D36001CCBE3 /* HWCPipe.cpp in Sources */,
				DFDFB446273A214A001CCBE3 /* main.m in Sources */,
				DF717F9F273BC06700635B5D /* MyNaviViewController.m in Sources */,
				DFDFB497273A5202001CCBE3 /* HWCMp4MuxerNode.cpp in Sources */,
				DFDFB481273A4845001CCBE3 /* HWCPipeParser.cpp in Sources */,
				DFDFB438273A2149001CCBE3 /* ViewController.m in Sources */,
				DF717F81273BA8E500635B5D /* HWCH264EncoderNode.cpp in Sources */,
				DFDFB49A273A5412001CCBE3 /* HWCMP3EncoderNode.cpp in Sources */,
				DFDFB477273A2A57001CCBE3 /* HWCAudioCapture.mm in Sources */,
				DFDFB43E273A2149001CCBE3 /* Test.xcdatamodeld in Sources */,
				DF1BFE4F274CDB4B00C9B19D /* HWCIOSAudioQueue.mm in Sources */,
				DFDFB432273A2149001CCBE3 /* AppDelegate.m in Sources */,
				DFDECE4F273CEBEA0024E96E /* HWCEventBus.cpp in Sources */,
				DFDFB435273A2149001CCBE3 /* SceneDelegate.m in Sources */,
				DFDFB48E273A4F03001CCBE3 /* HWCPipeInfo.cpp in Sources */,
			);
			runOnlyForDeploymentPostprocessing = 0;
		};
		DFDFB447273A214A001CCBE3 /* Sources */ = {
			isa = PBXSourcesBuildPhase;
			buildActionMask = 2147483647;
			files = (
				DFDFB450273A214A001CCBE3 /* TestTests.m in Sources */,
			);
			runOnlyForDeploymentPostprocessing = 0;
		};
		DFDFB451273A214A001CCBE3 /* Sources */ = {
			isa = PBXSourcesBuildPhase;
			buildActionMask = 2147483647;
			files = (
				DFDFB45C273A214B001CCBE3 /* TestUITestsLaunchTests.m in Sources */,
				DFDFB45A273A214B001CCBE3 /* TestUITests.m in Sources */,
			);
			runOnlyForDeploymentPostprocessing = 0;
		};
/* End PBXSourcesBuildPhase section */

/* Begin PBXTargetDependency section */
		DFDFB44D273A214A001CCBE3 /* PBXTargetDependency */ = {
			isa = PBXTargetDependency;
			target = DFDFB42C273A2149001CCBE3 /* Test */;
			targetProxy = DFDFB44C273A214A001CCBE3 /* PBXContainerItemProxy */;
		};
		DFDFB457273A214B001CCBE3 /* PBXTargetDependency */ = {
			isa = PBXTargetDependency;
			target = DFDFB42C273A2149001CCBE3 /* Test */;
			targetProxy = DFDFB456273A214B001CCBE3 /* PBXContainerItemProxy */;
		};
/* End PBXTargetDependency section */

/* Begin PBXVariantGroup section */
		DFDFB439273A2149001CCBE3 /* Main.storyboard */ = {
			isa = PBXVariantGroup;
			children = (
				DFDFB43A273A2149001CCBE3 /* Base */,
			);
			name = Main.storyboard;
			sourceTree = "<group>";
		};
		DFDFB441273A214A001CCBE3 /* LaunchScreen.storyboard */ = {
			isa = PBXVariantGroup;
			children = (
				DFDFB442273A214A001CCBE3 /* Base */,
			);
			name = LaunchScreen.storyboard;
			sourceTree = "<group>";
		};
/* End PBXVariantGroup section */

/* Begin XCBuildConfiguration section */
		DFDFB45D273A214B001CCBE3 /* Debug */ = {
			isa = XCBuildConfiguration;
			buildSettings = {
				ALWAYS_SEARCH_USER_PATHS = NO;
				CLANG_ANALYZER_NONNULL = YES;
				CLANG_ANALYZER_NUMBER_OBJECT_CONVERSION = YES_AGGRESSIVE;
				CLANG_CXX_LANGUAGE_STANDARD = "gnu++17";
				CLANG_CXX_LIBRARY = "libc++";
				CLANG_ENABLE_MODULES = YES;
				CLANG_ENABLE_OBJC_ARC = YES;
				CLANG_ENABLE_OBJC_WEAK = YES;
				CLANG_WARN_BLOCK_CAPTURE_AUTORELEASING = YES;
				CLANG_WARN_BOOL_CONVERSION = YES;
				CLANG_WARN_COMMA = YES;
				CLANG_WARN_CONSTANT_CONVERSION = YES;
				CLANG_WARN_DEPRECATED_OBJC_IMPLEMENTATIONS = YES;
				CLANG_WARN_DIRECT_OBJC_ISA_USAGE = YES_ERROR;
				CLANG_WARN_DOCUMENTATION_COMMENTS = YES;
				CLANG_WARN_EMPTY_BODY = YES;
				CLANG_WARN_ENUM_CONVERSION = YES;
				CLANG_WARN_INFINITE_RECURSION = YES;
				CLANG_WARN_INT_CONVERSION = YES;
				CLANG_WARN_NON_LITERAL_NULL_CONVERSION = YES;
				CLANG_WARN_OBJC_IMPLICIT_RETAIN_SELF = YES;
				CLANG_WARN_OBJC_LITERAL_CONVERSION = YES;
				CLANG_WARN_OBJC_ROOT_CLASS = YES_ERROR;
				CLANG_WARN_QUOTED_INCLUDE_IN_FRAMEWORK_HEADER = YES;
				CLANG_WARN_RANGE_LOOP_ANALYSIS = YES;
				CLANG_WARN_STRICT_PROTOTYPES = YES;
				CLANG_WARN_SUSPICIOUS_MOVE = YES;
				CLANG_WARN_UNGUARDED_AVAILABILITY = YES_AGGRESSIVE;
				CLANG_WARN_UNREACHABLE_CODE = YES;
				CLANG_WARN__DUPLICATE_METHOD_MATCH = YES;
				COPY_PHASE_STRIP = NO;
				DEBUG_INFORMATION_FORMAT = dwarf;
				ENABLE_STRICT_OBJC_MSGSEND = YES;
				ENABLE_TESTABILITY = YES;
				GCC_C_LANGUAGE_STANDARD = gnu11;
				GCC_DYNAMIC_NO_PIC = NO;
				GCC_NO_COMMON_BLOCKS = YES;
				GCC_OPTIMIZATION_LEVEL = 0;
				GCC_PREPROCESSOR_DEFINITIONS = (
					"_DEBUG_=1",
					"$(inherited)",
				);
				GCC_WARN_64_TO_32_BIT_CONVERSION = YES;
				GCC_WARN_ABOUT_RETURN_TYPE = YES_ERROR;
				GCC_WARN_UNDECLARED_SELECTOR = YES;
				GCC_WARN_UNINITIALIZED_AUTOS = YES_AGGRESSIVE;
				GCC_WARN_UNUSED_FUNCTION = YES;
				GCC_WARN_UNUSED_VARIABLE = YES;
				IPHONEOS_DEPLOYMENT_TARGET = 11.0;
				MTL_ENABLE_DEBUG_INFO = INCLUDE_SOURCE;
				MTL_FAST_MATH = YES;
				ONLY_ACTIVE_ARCH = YES;
				SDKROOT = iphoneos;
			};
			name = Debug;
		};
		DFDFB45E273A214B001CCBE3 /* Release */ = {
			isa = XCBuildConfiguration;
			buildSettings = {
				ALWAYS_SEARCH_USER_PATHS = NO;
				CLANG_ANALYZER_NONNULL = YES;
				CLANG_ANALYZER_NUMBER_OBJECT_CONVERSION = YES_AGGRESSIVE;
				CLANG_CXX_LANGUAGE_STANDARD = "gnu++17";
				CLANG_CXX_LIBRARY = "libc++";
				CLANG_ENABLE_MODULES = YES;
				CLANG_ENABLE_OBJC_ARC = YES;
				CLANG_ENABLE_OBJC_WEAK = YES;
				CLANG_WARN_BLOCK_CAPTURE_AUTORELEASING = YES;
				CLANG_WARN_BOOL_CONVERSION = YES;
				CLANG_WARN_COMMA = YES;
				CLANG_WARN_CONSTANT_CONVERSION = YES;
				CLANG_WARN_DEPRECATED_OBJC_IMPLEMENTATIONS = YES;
				CLANG_WARN_DIRECT_OBJC_ISA_USAGE = YES_ERROR;
				CLANG_WARN_DOCUMENTATION_COMMENTS = YES;
				CLANG_WARN_EMPTY_BODY = YES;
				CLANG_WARN_ENUM_CONVERSION = YES;
				CLANG_WARN_INFINITE_RECURSION = YES;
				CLANG_WARN_INT_CONVERSION = YES;
				CLANG_WARN_NON_LITERAL_NULL_CONVERSION = YES;
				CLANG_WARN_OBJC_IMPLICIT_RETAIN_SELF = YES;
				CLANG_WARN_OBJC_LITERAL_CONVERSION = YES;
				CLANG_WARN_OBJC_ROOT_CLASS = YES_ERROR;
				CLANG_WARN_QUOTED_INCLUDE_IN_FRAMEWORK_HEADER = YES;
				CLANG_WARN_RANGE_LOOP_ANALYSIS = YES;
				CLANG_WARN_STRICT_PROTOTYPES = YES;
				CLANG_WARN_SUSPICIOUS_MOVE = YES;
				CLANG_WARN_UNGUARDED_AVAILABILITY = YES_AGGRESSIVE;
				CLANG_WARN_UNREACHABLE_CODE = YES;
				CLANG_WARN__DUPLICATE_METHOD_MATCH = YES;
				COPY_PHASE_STRIP = NO;
				DEBUG_INFORMATION_FORMAT = "dwarf-with-dsym";
				ENABLE_NS_ASSERTIONS = NO;
				ENABLE_STRICT_OBJC_MSGSEND = YES;
				GCC_C_LANGUAGE_STANDARD = gnu11;
				GCC_NO_COMMON_BLOCKS = YES;
				GCC_WARN_64_TO_32_BIT_CONVERSION = YES;
				GCC_WARN_ABOUT_RETURN_TYPE = YES_ERROR;
				GCC_WARN_UNDECLARED_SELECTOR = YES;
				GCC_WARN_UNINITIALIZED_AUTOS = YES_AGGRESSIVE;
				GCC_WARN_UNUSED_FUNCTION = YES;
				GCC_WARN_UNUSED_VARIABLE = YES;
				IPHONEOS_DEPLOYMENT_TARGET = 11.0;
				MTL_ENABLE_DEBUG_INFO = NO;
				MTL_FAST_MATH = YES;
				SDKROOT = iphoneos;
				VALIDATE_PRODUCT = YES;
			};
			name = Release;
		};
		DFDFB460273A214B001CCBE3 /* Debug */ = {
			isa = XCBuildConfiguration;
			buildSettings = {
				ASSETCATALOG_COMPILER_APPICON_NAME = AppIcon;
				ASSETCATALOG_COMPILER_GLOBAL_ACCENT_COLOR_NAME = AccentColor;
				CLANG_CXX_LANGUAGE_STANDARD = "c++17";
				CODE_SIGN_STYLE = Automatic;
				CURRENT_PROJECT_VERSION = 1;
				DEVELOPMENT_TEAM = 3F3G95KJ85;
				GENERATE_INFOPLIST_FILE = YES;
				INFOPLIST_FILE = Test/Info.plist;
				INFOPLIST_KEY_UIApplicationSupportsIndirectInputEvents = YES;
				INFOPLIST_KEY_UILaunchStoryboardName = LaunchScreen;
				INFOPLIST_KEY_UIMainStoryboardFile = Main;
				INFOPLIST_KEY_UISupportedInterfaceOrientations_iPad = "UIInterfaceOrientationPortrait UIInterfaceOrientationPortraitUpsideDown UIInterfaceOrientationLandscapeLeft UIInterfaceOrientationLandscapeRight";
				INFOPLIST_KEY_UISupportedInterfaceOrientations_iPhone = "UIInterfaceOrientationPortrait UIInterfaceOrientationLandscapeLeft UIInterfaceOrientationLandscapeRight";
				LD_RUNPATH_SEARCH_PATHS = (
					"$(inherited)",
					"@executable_path/Frameworks",
				);
				MARKETING_VERSION = 1.0;
				PRODUCT_BUNDLE_IDENTIFIER = com.huawi.Test;
				PRODUCT_NAME = "$(TARGET_NAME)";
				SWIFT_EMIT_LOC_STRINGS = YES;
				TARGETED_DEVICE_FAMILY = "1,2";
			};
			name = Debug;
		};
		DFDFB461273A214B001CCBE3 /* Release */ = {
			isa = XCBuildConfiguration;
			buildSettings = {
				ASSETCATALOG_COMPILER_APPICON_NAME = AppIcon;
				ASSETCATALOG_COMPILER_GLOBAL_ACCENT_COLOR_NAME = AccentColor;
				CLANG_CXX_LANGUAGE_STANDARD = "c++17";
				CODE_SIGN_STYLE = Automatic;
				CURRENT_PROJECT_VERSION = 1;
				DEVELOPMENT_TEAM = 3F3G95KJ85;
				GENERATE_INFOPLIST_FILE = YES;
				INFOPLIST_FILE = Test/Info.plist;
				INFOPLIST_KEY_UIApplicationSupportsIndirectInputEvents = YES;
				INFOPLIST_KEY_UILaunchStoryboardName = LaunchScreen;
				INFOPLIST_KEY_UIMainStoryboardFile = Main;
				INFOPLIST_KEY_UISupportedInterfaceOrientations_iPad = "UIInterfaceOrientationPortrait UIInterfaceOrientationPortraitUpsideDown UIInterfaceOrientationLandscapeLeft UIInterfaceOrientationLandscapeRight";
				INFOPLIST_KEY_UISupportedInterfaceOrientations_iPhone = "UIInterfaceOrientationPortrait UIInterfaceOrientationLandscapeLeft UIInterfaceOrientationLandscapeRight";
				LD_RUNPATH_SEARCH_PATHS = (
					"$(inherited)",
					"@executable_path/Frameworks",
				);
				MARKETING_VERSION = 1.0;
				PRODUCT_BUNDLE_IDENTIFIER = com.huawi.Test;
				PRODUCT_NAME = "$(TARGET_NAME)";
				SWIFT_EMIT_LOC_STRINGS = YES;
				TARGETED_DEVICE_FAMILY = "1,2";
			};
			name = Release;
		};
		DFDFB463273A214B001CCBE3 /* Debug */ = {
			isa = XCBuildConfiguration;
			buildSettings = {
				BUNDLE_LOADER = "$(TEST_HOST)";
				CODE_SIGN_STYLE = Automatic;
				CURRENT_PROJECT_VERSION = 1;
				DEVELOPMENT_TEAM = 3F3G95KJ85;
				GENERATE_INFOPLIST_FILE = YES;
				IPHONEOS_DEPLOYMENT_TARGET = 15.0;
				LD_RUNPATH_SEARCH_PATHS = (
					"$(inherited)",
					"@executable_path/Frameworks",
					"@loader_path/Frameworks",
				);
				MARKETING_VERSION = 1.0;
				PRODUCT_BUNDLE_IDENTIFIER = com.huawi.TestTests;
				PRODUCT_NAME = "$(TARGET_NAME)";
				SWIFT_EMIT_LOC_STRINGS = NO;
				TARGETED_DEVICE_FAMILY = "1,2";
				TEST_HOST = "$(BUILT_PRODUCTS_DIR)/Test.app/Test";
			};
			name = Debug;
		};
		DFDFB464273A214B001CCBE3 /* Release */ = {
			isa = XCBuildConfiguration;
			buildSettings = {
				BUNDLE_LOADER = "$(TEST_HOST)";
				CODE_SIGN_STYLE = Automatic;
				CURRENT_PROJECT_VERSION = 1;
				DEVELOPMENT_TEAM = 3F3G95KJ85;
				GENERATE_INFOPLIST_FILE = YES;
				IPHONEOS_DEPLOYMENT_TARGET = 15.0;
				LD_RUNPATH_SEARCH_PATHS = (
					"$(inherited)",
					"@executable_path/Frameworks",
					"@loader_path/Frameworks",
				);
				MARKETING_VERSION = 1.0;
				PRODUCT_BUNDLE_IDENTIFIER = com.huawi.TestTests;
				PRODUCT_NAME = "$(TARGET_NAME)";
				SWIFT_EMIT_LOC_STRINGS = NO;
				TARGETED_DEVICE_FAMILY = "1,2";
				TEST_HOST = "$(BUILT_PRODUCTS_DIR)/Test.app/Test";
			};
			name = Release;
		};
		DFDFB466273A214B001CCBE3 /* Debug */ = {
			isa = XCBuildConfiguration;
			buildSettings = {
				CODE_SIGN_STYLE = Automatic;
				CURRENT_PROJECT_VERSION = 1;
				DEVELOPMENT_TEAM = 3F3G95KJ85;
				GENERATE_INFOPLIST_FILE = YES;
				LD_RUNPATH_SEARCH_PATHS = (
					"$(inherited)",
					"@executable_path/Frameworks",
					"@loader_path/Frameworks",
				);
				MARKETING_VERSION = 1.0;
				PRODUCT_BUNDLE_IDENTIFIER = com.huawi.TestUITests;
				PRODUCT_NAME = "$(TARGET_NAME)";
				SWIFT_EMIT_LOC_STRINGS = NO;
				TARGETED_DEVICE_FAMILY = "1,2";
				TEST_TARGET_NAME = Test;
			};
			name = Debug;
		};
		DFDFB467273A214B001CCBE3 /* Release */ = {
			isa = XCBuildConfiguration;
			buildSettings = {
				CODE_SIGN_STYLE = Automatic;
				CURRENT_PROJECT_VERSION = 1;
				DEVELOPMENT_TEAM = 3F3G95KJ85;
				GENERATE_INFOPLIST_FILE = YES;
				LD_RUNPATH_SEARCH_PATHS = (
					"$(inherited)",
					"@executable_path/Frameworks",
					"@loader_path/Frameworks",
				);
				MARKETING_VERSION = 1.0;
				PRODUCT_BUNDLE_IDENTIFIER = com.huawi.TestUITests;
				PRODUCT_NAME = "$(TARGET_NAME)";
				SWIFT_EMIT_LOC_STRINGS = NO;
				TARGETED_DEVICE_FAMILY = "1,2";
				TEST_TARGET_NAME = Test;
			};
			name = Release;
		};
/* End XCBuildConfiguration section */

/* Begin XCConfigurationList section */
		DFDFB428273A2149001CCBE3 /* Build configuration list for PBXProject "Test" */ = {
			isa = XCConfigurationList;
			buildConfigurations = (
				DFDFB45D273A214B001CCBE3 /* Debug */,
				DFDFB45E273A214B001CCBE3 /* Release */,
			);
			defaultConfigurationIsVisible = 0;
			defaultConfigurationName = Release;
		};
		DFDFB45F273A214B001CCBE3 /* Build configuration list for PBXNativeTarget "Test" */ = {
			isa = XCConfigurationList;
			buildConfigurations = (
				DFDFB460273A214B001CCBE3 /* Debug */,
				DFDFB461273A214B001CCBE3 /* Release */,
			);
			defaultConfigurationIsVisible = 0;
			defaultConfigurationName = Release;
		};
		DFDFB462273A214B001CCBE3 /* Build configuration list for PBXNativeTarget "TestTests" */ = {
			isa = XCConfigurationList;
			buildConfigurations = (
				DFDFB463273A214B001CCBE3 /* Debug */,
				DFDFB464273A214B001CCBE3 /* Release */,
			);
			defaultConfigurationIsVisible = 0;
			defaultConfigurationName = Release;
		};
		DFDFB465273A214B001CCBE3 /* Build configuration list for PBXNativeTarget "TestUITests" */ = {
			isa = XCConfigurationList;
			buildConfigurations = (
				DFDFB466273A214B001CCBE3 /* Debug */,
				DFDFB467273A214B001CCBE3 /* Release */,
			);
			defaultConfigurationIsVisible = 0;
			defaultConfigurationName = Release;
		};
/* End XCConfigurationList section */

/* Begin XCVersionGroup section */
		DFDFB43C273A2149001CCBE3 /* Test.xcdatamodeld */ = {
			isa = XCVersionGroup;
			children = (
				DFDFB43D273A2149001CCBE3 /* Test.xcdatamodel */,
			);
			currentVersion = DFDFB43D273A2149001CCBE3 /* Test.xcdatamodel */;
			path = Test.xcdatamodeld;
			sourceTree = "<group>";
			versionGroupType = wrapper.xcdatamodel;
		};
/* End XCVersionGroup section */
	};
	rootObject = DFDFB425273A2149001CCBE3 /* Project object */;
}
