// !$*UTF8*$!
{
	archiveVersion = 1;
	classes = {
	};
	objectVersion = 55;
	objects = {

/* Begin PBXBuildFile section */
		DFDFB432273A2149001CCBE3 /* AppDelegate.m in Sources */ = {isa = PBXBuildFile; fileRef = DFDFB431273A2149001CCBE3 /* AppDelegate.m */; };
		DFDFB435273A2149001CCBE3 /* SceneDelegate.m in Sources */ = {isa = PBXBuildFile; fileRef = DFDFB434273A2149001CCBE3 /* SceneDelegate.m */; };
		DFDFB438273A2149001CCBE3 /* ViewController.m in Sources */ = {isa = PBXBuildFile; fileRef = DFDFB437273A2149001CCBE3 /* ViewController.m */; };
		DFDFB43B273A2149001CCBE3 /* Main.storyboard in Resources */ = {isa = PBXBuildFile; fileRef = DFDFB439273A2149001CCBE3 /* Main.storyboard */; };
		DFDFB43E273A2149001CCBE3 /* Test.xcdatamodeld in Sources */ = {isa = PBXBuildFile; fileRef = DFDFB43C273A2149001CCBE3 /* Test.xcdatamodeld */; };
		DFDFB440273A214A001CCBE3 /* Assets.xcassets in Resources */ = {isa = PBXBuildFile; fileRef = DFDFB43F273A214A001CCBE3 /* Assets.xcassets */; };
		DFDFB443273A214A001CCBE3 /* LaunchScreen.storyboard in Resources */ = {isa = PBXBuildFile; fileRef = DFDFB441273A214A001CCBE3 /* LaunchScreen.storyboard */; };
		DFDFB446273A214A001CCBE3 /* main.m in Sources */ = {isa = PBXBuildFile; fileRef = DFDFB445273A214A001CCBE3 /* main.m */; };
		DFDFB450273A214A001CCBE3 /* TestTests.m in Sources */ = {isa = PBXBuildFile; fileRef = DFDFB44F273A214A001CCBE3 /* TestTests.m */; };
		DFDFB45A273A214B001CCBE3 /* TestUITests.m in Sources */ = {isa = PBXBuildFile; fileRef = DFDFB459273A214B001CCBE3 /* TestUITests.m */; };
		DFDFB45C273A214B001CCBE3 /* TestUITestsLaunchTests.m in Sources */ = {isa = PBXBuildFile; fileRef = DFDFB45B273A214B001CCBE3 /* TestUITestsLaunchTests.m */; };
/* End PBXBuildFile section */

/* Begin PBXContainerItemProxy section */
		DFDFB44C273A214A001CCBE3 /* PBXContainerItemProxy */ = {
			isa = PBXContainerItemProxy;
			containerPortal = DFDFB425273A2149001CCBE3 /* Project object */;
			proxyType = 1;
			remoteGlobalIDString = DFDFB42C273A2149001CCBE3;
			remoteInfo = Test;
		};
		DFDFB456273A214B001CCBE3 /* PBXContainerItemProxy */ = {
			isa = PBXContainerItemProxy;
			containerPortal = DFDFB425273A2149001CCBE3 /* Project object */;
			proxyType = 1;
			remoteGlobalIDString = DFDFB42C273A2149001CCBE3;
			remoteInfo = Test;
		};
/* End PBXContainerItemProxy section */

/* Begin PBXFileReference section */
		DFDFB42D273A2149001CCBE3 /* Test.app */ = {isa = PBXFileReference; explicitFileType = wrapper.application; includeInIndex = 0; path = Test.app; sourceTree = BUILT_PRODUCTS_DIR; };
		DFDFB430273A2149001CCBE3 /* AppDelegate.h */ = {isa = PBXFileReference; lastKnownFileType = sourcecode.c.h; path = AppDelegate.h; sourceTree = "<group>"; };
		DFDFB431273A2149001CCBE3 /* AppDelegate.m */ = {isa = PBXFileReference; lastKnownFileType = sourcecode.c.objc; path = AppDelegate.m; sourceTree = "<group>"; };
		DFDFB433273A2149001CCBE3 /* SceneDelegate.h */ = {isa = PBXFileReference; lastKnownFileType = sourcecode.c.h; path = SceneDelegate.h; sourceTree = "<group>"; };
		DFDFB434273A2149001CCBE3 /* SceneDelegate.m */ = {isa = PBXFileReference; lastKnownFileType = sourcecode.c.objc; path = SceneDelegate.m; sourceTree = "<group>"; };
		DFDFB436273A2149001CCBE3 /* ViewController.h */ = {isa = PBXFileReference; lastKnownFileType = sourcecode.c.h; path = ViewController.h; sourceTree = "<group>"; };
		DFDFB437273A2149001CCBE3 /* ViewController.m */ = {isa = PBXFileReference; lastKnownFileType = sourcecode.c.objc; path = ViewController.m; sourceTree = "<group>"; };
		DFDFB43A273A2149001CCBE3 /* Base */ = {isa = PBXFileReference; lastKnownFileType = file.storyboard; name = Base; path = Base.lproj/Main.storyboard; sourceTree = "<group>"; };
		DFDFB43D273A2149001CCBE3 /* Test.xcdatamodel */ = {isa = PBXFileReference; lastKnownFileType = wrapper.xcdatamodel; path = Test.xcdatamodel; sourceTree = "<group>"; };
		DFDFB43F273A214A001CCBE3 /* Assets.xcassets */ = {isa = PBXFileReference; lastKnownFileType = folder.assetcatalog; path = Assets.xcassets; sourceTree = "<group>"; };
		DFDFB442273A214A001CCBE3 /* Base */ = {isa = PBXFileReference; lastKnownFileType = file.storyboard; name = Base; path = Base.lproj/LaunchScreen.storyboard; sourceTree = "<group>"; };
		DFDFB444273A214A001CCBE3 /* Info.plist */ = {isa = PBXFileReference; lastKnownFileType = text.plist.xml; path = Info.plist; sourceTree = "<group>"; };
		DFDFB445273A214A001CCBE3 /* main.m */ = {isa = PBXFileReference; lastKnownFileType = sourcecode.c.objc; path = main.m; sourceTree = "<group>"; };
		DFDFB44B273A214A001CCBE3 /* TestTests.xctest */ = {isa = PBXFileReference; explicitFileType = wrapper.cfbundle; includeInIndex = 0; path = TestTests.xctest; sourceTree = BUILT_PRODUCTS_DIR; };
		DFDFB44F273A214A001CCBE3 /* TestTests.m */ = {isa = PBXFileReference; lastKnownFileType = sourcecode.c.objc; path = TestTests.m; sourceTree = "<group>"; };
		DFDFB455273A214B001CCBE3 /* TestUITests.xctest */ = {isa = PBXFileReference; explicitFileType = wrapper.cfbundle; includeInIndex = 0; path = TestUITests.xctest; sourceTree = BUILT_PRODUCTS_DIR; };
		DFDFB459273A214B001CCBE3 /* TestUITests.m */ = {isa = PBXFileReference; lastKnownFileType = sourcecode.c.objc; path = TestUITests.m; sourceTree = "<group>"; };
		DFDFB45B273A214B001CCBE3 /* TestUITestsLaunchTests.m */ = {isa = PBXFileReference; lastKnownFileType = sourcecode.c.objc; path = TestUITestsLaunchTests.m; sourceTree = "<group>"; };
/* End PBXFileReference section */

/* Begin PBXFrameworksBuildPhase section */
		DFDFB42A273A2149001CCBE3 /* Frameworks */ = {
			isa = PBXFrameworksBuildPhase;
			buildActionMask = 2147483647;
			files = (
			);
			runOnlyForDeploymentPostprocessing = 0;
		};
		DFDFB448273A214A001CCBE3 /* Frameworks */ = {
			isa = PBXFrameworksBuildPhase;
			buildActionMask = 2147483647;
			files = (
			);
			runOnlyForDeploymentPostprocessing = 0;
		};
		DFDFB452273A214A001CCBE3 /* Frameworks */ = {
			isa = PBXFrameworksBuildPhase;
			buildActionMask = 2147483647;
			files = (
			);
			runOnlyForDeploymentPostprocessing = 0;
		};
/* End PBXFrameworksBuildPhase section */

/* Begin PBXGroup section */
		DFDFB424273A2149001CCBE3 = {
			isa = PBXGroup;
			children = (
				DFDFB42F273A2149001CCBE3 /* Test */,
				DFDFB44E273A214A001CCBE3 /* TestTests */,
				DFDFB458273A214B001CCBE3 /* TestUITests */,
				DFDFB42E273A2149001CCBE3 /* Products */,
			);
			sourceTree = "<group>";
		};
		DFDFB42E273A2149001CCBE3 /* Products */ = {
			isa = PBXGroup;
			children = (
				DFDFB42D273A2149001CCBE3 /* Test.app */,
				DFDFB44B273A214A001CCBE3 /* TestTests.xctest */,
				DFDFB455273A214B001CCBE3 /* TestUITests.xctest */,
			);
			name = Products;
			sourceTree = "<group>";
		};
		DFDFB42F273A2149001CCBE3 /* Test */ = {
			isa = PBXGroup;
			children = (
				DFDFB430273A2149001CCBE3 /* AppDelegate.h */,
				DFDFB431273A2149001CCBE3 /* AppDelegate.m */,
				DFDFB433273A2149001CCBE3 /* SceneDelegate.h */,
				DFDFB434273A2149001CCBE3 /* SceneDelegate.m */,
				DFDFB436273A2149001CCBE3 /* ViewController.h */,
				DFDFB437273A2149001CCBE3 /* ViewController.m */,
				DFDFB439273A2149001CCBE3 /* Main.storyboard */,
				DFDFB43F273A214A001CCBE3 /* Assets.xcassets */,
				DFDFB441273A214A001CCBE3 /* LaunchScreen.storyboard */,
				DFDFB444273A214A001CCBE3 /* Info.plist */,
				DFDFB445273A214A001CCBE3 /* main.m */,
				DFDFB43C273A2149001CCBE3 /* Test.xcdatamodeld */,
			);
			path = Test;
			sourceTree = "<group>";
		};
		DFDFB44E273A214A001CCBE3 /* TestTests */ = {
			isa = PBXGroup;
			children = (
				DFDFB44F273A214A001CCBE3 /* TestTests.m */,
			);
			path = TestTests;
			sourceTree = "<group>";
		};
		DFDFB458273A214B001CCBE3 /* TestUITests */ = {
			isa = PBXGroup;
			children = (
				DFDFB459273A214B001CCBE3 /* TestUITests.m */,
				DFDFB45B273A214B001CCBE3 /* TestUITestsLaunchTests.m */,
			);
			path = TestUITests;
			sourceTree = "<group>";
		};
/* End PBXGroup section */

/* Begin PBXNativeTarget section */
		DFDFB42C273A2149001CCBE3 /* Test */ = {
			isa = PBXNativeTarget;
			buildConfigurationList = DFDFB45F273A214B001CCBE3 /* Build configuration list for PBXNativeTarget "Test" */;
			buildPhases = (
				DFDFB429273A2149001CCBE3 /* Sources */,
				DFDFB42A273A2149001CCBE3 /* Frameworks */,
				DFDFB42B273A2149001CCBE3 /* Resources */,
			);
			buildRules = (
			);
			dependencies = (
			);
			name = Test;
			productName = Test;
			productReference = DFDFB42D273A2149001CCBE3 /* Test.app */;
			productType = "com.apple.product-type.application";
		};
		DFDFB44A273A214A001CCBE3 /* TestTests */ = {
			isa = PBXNativeTarget;
			buildConfigurationList = DFDFB462273A214B001CCBE3 /* Build configuration list for PBXNativeTarget "TestTests" */;
			buildPhases = (
				DFDFB447273A214A001CCBE3 /* Sources */,
				DFDFB448273A214A001CCBE3 /* Frameworks */,
				DFDFB449273A214A001CCBE3 /* Resources */,
			);
			buildRules = (
			);
			dependencies = (
				DFDFB44D273A214A001CCBE3 /* PBXTargetDependency */,
			);
			name = TestTests;
			productName = TestTests;
			productReference = DFDFB44B273A214A001CCBE3 /* TestTests.xctest */;
			productType = "com.apple.product-type.bundle.unit-test";
		};
		DFDFB454273A214A001CCBE3 /* TestUITests */ = {
			isa = PBXNativeTarget;
			buildConfigurationList = DFDFB465273A214B001CCBE3 /* Build configuration list for PBXNativeTarget "TestUITests" */;
			buildPhases = (
				DFDFB451273A214A001CCBE3 /* Sources */,
				DFDFB452273A214A001CCBE3 /* Frameworks */,
				DFDFB453273A214A001CCBE3 /* Resources */,
			);
			buildRules = (
			);
			dependencies = (
				DFDFB457273A214B001CCBE3 /* PBXTargetDependency */,
			);
			name = TestUITests;
			productName = TestUITests;
			productReference = DFDFB455273A214B001CCBE3 /* TestUITests.xctest */;
			productType = "com.apple.product-type.bundle.ui-testing";
		};
/* End PBXNativeTarget section */

/* Begin PBXProject section */
		DFDFB425273A2149001CCBE3 /* Project object */ = {
			isa = PBXProject;
			attributes = {
				BuildIndependentTargetsInParallel = 1;
				LastUpgradeCheck = 1300;
				TargetAttributes = {
					DFDFB42C273A2149001CCBE3 = {
						CreatedOnToolsVersion = 13.0;
					};
					DFDFB44A273A214A001CCBE3 = {
						CreatedOnToolsVersion = 13.0;
						TestTargetID = DFDFB42C273A2149001CCBE3;
					};
					DFDFB454273A214A001CCBE3 = {
						CreatedOnToolsVersion = 13.0;
						TestTargetID = DFDFB42C273A2149001CCBE3;
					};
				};
			};
			buildConfigurationList = DFDFB428273A2149001CCBE3 /* Build configuration list for PBXProject "Test" */;
			compatibilityVersion = "Xcode 13.0";
			developmentRegion = en;
			hasScannedForEncodings = 0;
			knownRegions = (
				en,
				Base,
			);
			mainGroup = DFDFB424273A2149001CCBE3;
			productRefGroup = DFDFB42E273A2149001CCBE3 /* Products */;
			projectDirPath = "";
			projectRoot = "";
			targets = (
				DFDFB42C273A2149001CCBE3 /* Test */,
				DFDFB44A273A214A001CCBE3 /* TestTests */,
				DFDFB454273A214A001CCBE3 /* TestUITests */,
			);
		};
/* End PBXProject section */

/* Begin PBXResourcesBuildPhase section */
		DFDFB42B273A2149001CCBE3 /* Resources */ = {
			isa = PBXResourcesBuildPhase;
			buildActionMask = 2147483647;
			files = (
				DFDFB443273A214A001CCBE3 /* LaunchScreen.storyboard in Resources */,
				DFDFB440273A214A001CCBE3 /* Assets.xcassets in Resources */,
				DFDFB43B273A2149001CCBE3 /* Main.storyboard in Resources */,
			);
			runOnlyForDeploymentPostprocessing = 0;
		};
		DFDFB449273A214A001CCBE3 /* Resources */ = {
			isa = PBXResourcesBuildPhase;
			buildActionMask = 2147483647;
			files = (
			);
			runOnlyForDeploymentPostprocessing = 0;
		};
		DFDFB453273A214A001CCBE3 /* Resources */ = {
			isa = PBXResourcesBuildPhase;
			buildActionMask = 2147483647;
			files = (
			);
			runOnlyForDeploymentPostprocessing = 0;
		};
/* End PBXResourcesBuildPhase section */

/* Begin PBXSourcesBuildPhase section */
		DFDFB429273A2149001CCBE3 /* Sources */ = {
			isa = PBXSourcesBuildPhase;
			buildActionMask = 2147483647;
			files = (
				DFDFB446273A214A001CCBE3 /* main.m in Sources */,
				DFDFB438273A2149001CCBE3 /* ViewController.m in Sources */,
				DFDFB43E273A2149001CCBE3 /* Test.xcdatamodeld in Sources */,
				DFDFB432273A2149001CCBE3 /* AppDelegate.m in Sources */,
				DFDFB435273A2149001CCBE3 /* SceneDelegate.m in Sources */,
			);
			runOnlyForDeploymentPostprocessing = 0;
		};
		DFDFB447273A214A001CCBE3 /* Sources */ = {
			isa = PBXSourcesBuildPhase;
			buildActionMask = 2147483647;
			files = (
				DFDFB450273A214A001CCBE3 /* TestTests.m in Sources */,
			);
			runOnlyForDeploymentPostprocessing = 0;
		};
		DFDFB451273A214A001CCBE3 /* Sources */ = {
			isa = PBXSourcesBuildPhase;
			buildActionMask = 2147483647;
			files = (
				DFDFB45C273A214B001CCBE3 /* TestUITestsLaunchTests.m in Sources */,
				DFDFB45A273A214B001CCBE3 /* TestUITests.m in Sources */,
			);
			runOnlyForDeploymentPostprocessing = 0;
		};
/* End PBXSourcesBuildPhase section */

/* Begin PBXTargetDependency section */
		DFDFB44D273A214A001CCBE3 /* PBXTargetDependency */ = {
			isa = PBXTargetDependency;
			target = DFDFB42C273A2149001CCBE3 /* Test */;
			targetProxy = DFDFB44C273A214A001CCBE3 /* PBXContainerItemProxy */;
		};
		DFDFB457273A214B001CCBE3 /* PBXTargetDependency */ = {
			isa = PBXTargetDependency;
			target = DFDFB42C273A2149001CCBE3 /* Test */;
			targetProxy = DFDFB456273A214B001CCBE3 /* PBXContainerItemProxy */;
		};
/* End PBXTargetDependency section */

/* Begin PBXVariantGroup section */
		DFDFB439273A2149001CCBE3 /* Main.storyboard */ = {
			isa = PBXVariantGroup;
			children = (
				DFDFB43A273A2149001CCBE3 /* Base */,
			);
			name = Main.storyboard;
			sourceTree = "<group>";
		};
		DFDFB441273A214A001CCBE3 /* LaunchScreen.storyboard */ = {
			isa = PBXVariantGroup;
			children = (
				DFDFB442273A214A001CCBE3 /* Base */,
			);
			name = LaunchScreen.storyboard;
			sourceTree = "<group>";
		};
/* End PBXVariantGroup section */

/* Begin XCBuildConfiguration section */
		DFDFB45D273A214B001CCBE3 /* Debug */ = {
			isa = XCBuildConfiguration;
			buildSettings = {
				ALWAYS_SEARCH_USER_PATHS = NO;
				CLANG_ANALYZER_NONNULL = YES;
				CLANG_ANALYZER_NUMBER_OBJECT_CONVERSION = YES_AGGRESSIVE;
				CLANG_CXX_LANGUAGE_STANDARD = "gnu++17";
				CLANG_CXX_LIBRARY = "libc++";
				CLANG_ENABLE_MODULES = YES;
				CLANG_ENABLE_OBJC_ARC = YES;
				CLANG_ENABLE_OBJC_WEAK = YES;
				CLANG_WARN_BLOCK_CAPTURE_AUTORELEASING = YES;
				CLANG_WARN_BOOL_CONVERSION = YES;
				CLANG_WARN_COMMA = YES;
				CLANG_WARN_CONSTANT_CONVERSION = YES;
				CLANG_WARN_DEPRECATED_OBJC_IMPLEMENTATIONS = YES;
				CLANG_WARN_DIRECT_OBJC_ISA_USAGE = YES_ERROR;
				CLANG_WARN_DOCUMENTATION_COMMENTS = YES;
				CLANG_WARN_EMPTY_BODY = YES;
				CLANG_WARN_ENUM_CONVERSION = YES;
				CLANG_WARN_INFINITE_RECURSION = YES;
				CLANG_WARN_INT_CONVERSION = YES;
				CLANG_WARN_NON_LITERAL_NULL_CONVERSION = YES;
				CLANG_WARN_OBJC_IMPLICIT_RETAIN_SELF = YES;
				CLANG_WARN_OBJC_LITERAL_CONVERSION = YES;
				CLANG_WARN_OBJC_ROOT_CLASS = YES_ERROR;
				CLANG_WARN_QUOTED_INCLUDE_IN_FRAMEWORK_HEADER = YES;
				CLANG_WARN_RANGE_LOOP_ANALYSIS = YES;
				CLANG_WARN_STRICT_PROTOTYPES = YES;
				CLANG_WARN_SUSPICIOUS_MOVE = YES;
				CLANG_WARN_UNGUARDED_AVAILABILITY = YES_AGGRESSIVE;
				CLANG_WARN_UNREACHABLE_CODE = YES;
				CLANG_WARN__DUPLICATE_METHOD_MATCH = YES;
				COPY_PHASE_STRIP = NO;
				DEBUG_INFORMATION_FORMAT = dwarf;
				ENABLE_STRICT_OBJC_MSGSEND = YES;
				ENABLE_TESTABILITY = YES;
				GCC_C_LANGUAGE_STANDARD = gnu11;
				GCC_DYNAMIC_NO_PIC = NO;
				GCC_NO_COMMON_BLOCKS = YES;
				GCC_OPTIMIZATION_LEVEL = 0;
				GCC_PREPROCESSOR_DEFINITIONS = (
					"DEBUG=1",
					"$(inherited)",
				);
				GCC_WARN_64_TO_32_BIT_CONVERSION = YES;
				GCC_WARN_ABOUT_RETURN_TYPE = YES_ERROR;
				GCC_WARN_UNDECLARED_SELECTOR = YES;
				GCC_WARN_UNINITIALIZED_AUTOS = YES_AGGRESSIVE;
				GCC_WARN_UNUSED_FUNCTION = YES;
				GCC_WARN_UNUSED_VARIABLE = YES;
				IPHONEOS_DEPLOYMENT_TARGET = 15.0;
				MTL_ENABLE_DEBUG_INFO = INCLUDE_SOURCE;
				MTL_FAST_MATH = YES;
				ONLY_ACTIVE_ARCH = YES;
				SDKROOT = iphoneos;
			};
			name = Debug;
		};
		DFDFB45E273A214B001CCBE3 /* Release */ = {
			isa = XCBuildConfiguration;
			buildSettings = {
				ALWAYS_SEARCH_USER_PATHS = NO;
				CLANG_ANALYZER_NONNULL = YES;
				CLANG_ANALYZER_NUMBER_OBJECT_CONVERSION = YES_AGGRESSIVE;
				CLANG_CXX_LANGUAGE_STANDARD = "gnu++17";
				CLANG_CXX_LIBRARY = "libc++";
				CLANG_ENABLE_MODULES = YES;
				CLANG_ENABLE_OBJC_ARC = YES;
				CLANG_ENABLE_OBJC_WEAK = YES;
				CLANG_WARN_BLOCK_CAPTURE_AUTORELEASING = YES;
				CLANG_WARN_BOOL_CONVERSION = YES;
				CLANG_WARN_COMMA = YES;
				CLANG_WARN_CONSTANT_CONVERSION = YES;
				CLANG_WARN_DEPRECATED_OBJC_IMPLEMENTATIONS = YES;
				CLANG_WARN_DIRECT_OBJC_ISA_USAGE = YES_ERROR;
				CLANG_WARN_DOCUMENTATION_COMMENTS = YES;
				CLANG_WARN_EMPTY_BODY = YES;
				CLANG_WARN_ENUM_CONVERSION = YES;
				CLANG_WARN_INFINITE_RECURSION = YES;
				CLANG_WARN_INT_CONVERSION = YES;
				CLANG_WARN_NON_LITERAL_NULL_CONVERSION = YES;
				CLANG_WARN_OBJC_IMPLICIT_RETAIN_SELF = YES;
				CLANG_WARN_OBJC_LITERAL_CONVERSION = YES;
				CLANG_WARN_OBJC_ROOT_CLASS = YES_ERROR;
				CLANG_WARN_QUOTED_INCLUDE_IN_FRAMEWORK_HEADER = YES;
				CLANG_WARN_RANGE_LOOP_ANALYSIS = YES;
				CLANG_WARN_STRICT_PROTOTYPES = YES;
				CLANG_WARN_SUSPICIOUS_MOVE = YES;
				CLANG_WARN_UNGUARDED_AVAILABILITY = YES_AGGRESSIVE;
				CLANG_WARN_UNREACHABLE_CODE = YES;
				CLANG_WARN__DUPLICATE_METHOD_MATCH = YES;
				COPY_PHASE_STRIP = NO;
				DEBUG_INFORMATION_FORMAT = "dwarf-with-dsym";
				ENABLE_NS_ASSERTIONS = NO;
				ENABLE_STRICT_OBJC_MSGSEND = YES;
				GCC_C_LANGUAGE_STANDARD = gnu11;
				GCC_NO_COMMON_BLOCKS = YES;
				GCC_WARN_64_TO_32_BIT_CONVERSION = YES;
				GCC_WARN_ABOUT_RETURN_TYPE = YES_ERROR;
				GCC_WARN_UNDECLARED_SELECTOR = YES;
				GCC_WARN_UNINITIALIZED_AUTOS = YES_AGGRESSIVE;
				GCC_WARN_UNUSED_FUNCTION = YES;
				GCC_WARN_UNUSED_VARIABLE = YES;
				IPHONEOS_DEPLOYMENT_TARGET = 15.0;
				MTL_ENABLE_DEBUG_INFO = NO;
				MTL_FAST_MATH = YES;
				SDKROOT = iphoneos;
				VALIDATE_PRODUCT = YES;
			};
			name = Release;
		};
		DFDFB460273A214B001CCBE3 /* Debug */ = {
			isa = XCBuildConfiguration;
			buildSettings = {
				ASSETCATALOG_COMPILER_APPICON_NAME = AppIcon;
				ASSETCATALOG_COMPILER_GLOBAL_ACCENT_COLOR_NAME = AccentColor;
				CODE_SIGN_STYLE = Automatic;
				CURRENT_PROJECT_VERSION = 1;
				DEVELOPMENT_TEAM = 3F3G95KJ85;
				GENERATE_INFOPLIST_FILE = YES;
				INFOPLIST_FILE = Test/Info.plist;
				INFOPLIST_KEY_UIApplicationSupportsIndirectInputEvents = YES;
				INFOPLIST_KEY_UILaunchStoryboardName = LaunchScreen;
				INFOPLIST_KEY_UIMainStoryboardFile = Main;
				INFOPLIST_KEY_UISupportedInterfaceOrientations_iPad = "UIInterfaceOrientationPortrait UIInterfaceOrientationPortraitUpsideDown UIInterfaceOrientationLandscapeLeft UIInterfaceOrientationLandscapeRight";
				INFOPLIST_KEY_UISupportedInterfaceOrientations_iPhone = "UIInterfaceOrientationPortrait UIInterfaceOrientationLandscapeLeft UIInterfaceOrientationLandscapeRight";
				LD_RUNPATH_SEARCH_PATHS = (
					"$(inherited)",
					"@executable_path/Frameworks",
				);
				MARKETING_VERSION = 1.0;
				PRODUCT_BUNDLE_IDENTIFIER = com.huawi.Test;
				PRODUCT_NAME = "$(TARGET_NAME)";
				SWIFT_EMIT_LOC_STRINGS = YES;
				TARGETED_DEVICE_FAMILY = "1,2";
			};
			name = Debug;
		};
		DFDFB461273A214B001CCBE3 /* Release */ = {
			isa = XCBuildConfiguration;
			buildSettings = {
				ASSETCATALOG_COMPILER_APPICON_NAME = AppIcon;
				ASSETCATALOG_COMPILER_GLOBAL_ACCENT_COLOR_NAME = AccentColor;
				CODE_SIGN_STYLE = Automatic;
				CURRENT_PROJECT_VERSION = 1;
				DEVELOPMENT_TEAM = 3F3G95KJ85;
				GENERATE_INFOPLIST_FILE = YES;
				INFOPLIST_FILE = Test/Info.plist;
				INFOPLIST_KEY_UIApplicationSupportsIndirectInputEvents = YES;
				INFOPLIST_KEY_UILaunchStoryboardName = LaunchScreen;
				INFOPLIST_KEY_UIMainStoryboardFile = Main;
				INFOPLIST_KEY_UISupportedInterfaceOrientations_iPad = "UIInterfaceOrientationPortrait UIInterfaceOrientationPortraitUpsideDown UIInterfaceOrientationLandscapeLeft UIInterfaceOrientationLandscapeRight";
				INFOPLIST_KEY_UISupportedInterfaceOrientations_iPhone = "UIInterfaceOrientationPortrait UIInterfaceOrientationLandscapeLeft UIInterfaceOrientationLandscapeRight";
				LD_RUNPATH_SEARCH_PATHS = (
					"$(inherited)",
					"@executable_path/Frameworks",
				);
				MARKETING_VERSION = 1.0;
				PRODUCT_BUNDLE_IDENTIFIER = com.huawi.Test;
				PRODUCT_NAME = "$(TARGET_NAME)";
				SWIFT_EMIT_LOC_STRINGS = YES;
				TARGETED_DEVICE_FAMILY = "1,2";
			};
			name = Release;
		};
		DFDFB463273A214B001CCBE3 /* Debug */ = {
			isa = XCBuildConfiguration;
			buildSettings = {
				BUNDLE_LOADER = "$(TEST_HOST)";
				CODE_SIGN_STYLE = Automatic;
				CURRENT_PROJECT_VERSION = 1;
				DEVELOPMENT_TEAM = 3F3G95KJ85;
				GENERATE_INFOPLIST_FILE = YES;
				IPHONEOS_DEPLOYMENT_TARGET = 15.0;
				LD_RUNPATH_SEARCH_PATHS = (
					"$(inherited)",
					"@executable_path/Frameworks",
					"@loader_path/Frameworks",
				);
				MARKETING_VERSION = 1.0;
				PRODUCT_BUNDLE_IDENTIFIER = com.huawi.TestTests;
				PRODUCT_NAME = "$(TARGET_NAME)";
				SWIFT_EMIT_LOC_STRINGS = NO;
				TARGETED_DEVICE_FAMILY = "1,2";
				TEST_HOST = "$(BUILT_PRODUCTS_DIR)/Test.app/Test";
			};
			name = Debug;
		};
		DFDFB464273A214B001CCBE3 /* Release */ = {
			isa = XCBuildConfiguration;
			buildSettings = {
				BUNDLE_LOADER = "$(TEST_HOST)";
				CODE_SIGN_STYLE = Automatic;
				CURRENT_PROJECT_VERSION = 1;
				DEVELOPMENT_TEAM = 3F3G95KJ85;
				GENERATE_INFOPLIST_FILE = YES;
				IPHONEOS_DEPLOYMENT_TARGET = 15.0;
				LD_RUNPATH_SEARCH_PATHS = (
					"$(inherited)",
					"@executable_path/Frameworks",
					"@loader_path/Frameworks",
				);
				MARKETING_VERSION = 1.0;
				PRODUCT_BUNDLE_IDENTIFIER = com.huawi.TestTests;
				PRODUCT_NAME = "$(TARGET_NAME)";
				SWIFT_EMIT_LOC_STRINGS = NO;
				TARGETED_DEVICE_FAMILY = "1,2";
				TEST_HOST = "$(BUILT_PRODUCTS_DIR)/Test.app/Test";
			};
			name = Release;
		};
		DFDFB466273A214B001CCBE3 /* Debug */ = {
			isa = XCBuildConfiguration;
			buildSettings = {
				CODE_SIGN_STYLE = Automatic;
				CURRENT_PROJECT_VERSION = 1;
				DEVELOPMENT_TEAM = 3F3G95KJ85;
				GENERATE_INFOPLIST_FILE = YES;
				LD_RUNPATH_SEARCH_PATHS = (
					"$(inherited)",
					"@executable_path/Frameworks",
					"@loader_path/Frameworks",
				);
				MARKETING_VERSION = 1.0;
				PRODUCT_BUNDLE_IDENTIFIER = com.huawi.TestUITests;
				PRODUCT_NAME = "$(TARGET_NAME)";
				SWIFT_EMIT_LOC_STRINGS = NO;
				TARGETED_DEVICE_FAMILY = "1,2";
				TEST_TARGET_NAME = Test;
			};
			name = Debug;
		};
		DFDFB467273A214B001CCBE3 /* Release */ = {
			isa = XCBuildConfiguration;
			buildSettings = {
				CODE_SIGN_STYLE = Automatic;
				CURRENT_PROJECT_VERSION = 1;
				DEVELOPMENT_TEAM = 3F3G95KJ85;
				GENERATE_INFOPLIST_FILE = YES;
				LD_RUNPATH_SEARCH_PATHS = (
					"$(inherited)",
					"@executable_path/Frameworks",
					"@loader_path/Frameworks",
				);
				MARKETING_VERSION = 1.0;
				PRODUCT_BUNDLE_IDENTIFIER = com.huawi.TestUITests;
				PRODUCT_NAME = "$(TARGET_NAME)";
				SWIFT_EMIT_LOC_STRINGS = NO;
				TARGETED_DEVICE_FAMILY = "1,2";
				TEST_TARGET_NAME = Test;
			};
			name = Release;
		};
/* End XCBuildConfiguration section */

/* Begin XCConfigurationList section */
		DFDFB428273A2149001CCBE3 /* Build configuration list for PBXProject "Test" */ = {
			isa = XCConfigurationList;
			buildConfigurations = (
				DFDFB45D273A214B001CCBE3 /* Debug */,
				DFDFB45E273A214B001CCBE3 /* Release */,
			);
			defaultConfigurationIsVisible = 0;
			defaultConfigurationName = Release;
		};
		DFDFB45F273A214B001CCBE3 /* Build configuration list for PBXNativeTarget "Test" */ = {
			isa = XCConfigurationList;
			buildConfigurations = (
				DFDFB460273A214B001CCBE3 /* Debug */,
				DFDFB461273A214B001CCBE3 /* Release */,
			);
			defaultConfigurationIsVisible = 0;
			defaultConfigurationName = Release;
		};
		DFDFB462273A214B001CCBE3 /* Build configuration list for PBXNativeTarget "TestTests" */ = {
			isa = XCConfigurationList;
			buildConfigurations = (
				DFDFB463273A214B001CCBE3 /* Debug */,
				DFDFB464273A214B001CCBE3 /* Release */,
			);
			defaultConfigurationIsVisible = 0;
			defaultConfigurationName = Release;
		};
		DFDFB465273A214B001CCBE3 /* Build configuration list for PBXNativeTarget "TestUITests" */ = {
			isa = XCConfigurationList;
			buildConfigurations = (
				DFDFB466273A214B001CCBE3 /* Debug */,
				DFDFB467273A214B001CCBE3 /* Release */,
			);
			defaultConfigurationIsVisible = 0;
			defaultConfigurationName = Release;
		};
/* End XCConfigurationList section */

/* Begin XCVersionGroup section */
		DFDFB43C273A2149001CCBE3 /* Test.xcdatamodeld */ = {
			isa = XCVersionGroup;
			children = (
				DFDFB43D273A2149001CCBE3 /* Test.xcdatamodel */,
			);
			currentVersion = DFDFB43D273A2149001CCBE3 /* Test.xcdatamodel */;
			path = Test.xcdatamodeld;
			sourceTree = "<group>";
			versionGroupType = wrapper.xcdatamodel;
		};
/* End XCVersionGroup section */
	};
	rootObject = DFDFB425273A2149001CCBE3 /* Project object */;
}
